
Microsoft Visual Studio Solution File, Format Version 12.00
# Visual Studio Version 16
VisualStudioVersion = 16.0.31729.503
MinimumVisualStudioVersion = 10.0.40219.1
Project("{9A19103F-16F7-4668-BE54-9A1E7A4F7556}") = "NetC", "NetC\NetC.csproj", "{D4682AFF-AA5F-4DD4-9B19-2B8166BC1B59}"
EndProject
Project("{9A19103F-16F7-4668-BE54-9A1E7A4F7556}") = "NetC.CLI", "NetC.CLI\NetC.CLI.csproj", "{ABD697F6-7952-4C25-B145-C1448E43CE48}"
EndProject
Project("{9A19103F-16F7-4668-BE54-9A1E7A4F7556}") = "NetC.Services", "NetC.Services\NetC.Services.csproj", "{036DDA14-8B25-4628-B490-947704A8F229}"
EndProject
Project("{9A19103F-16F7-4668-BE54-9A1E7A4F7556}") = "NetC.Utils", "NetC.Utils\NetC.Utils.csproj", "{1790A131-88C2-4226-AED8-E88FAD29D810}"
EndProject
Project("{FAE04EC0-301F-11D3-BF4B-00C04F79EFBC}") = "NetC.Tests", "NetC.Tests\NetC.Tests.csproj", "{4766FC52-CCED-492E-8A86-CAC15D19FAC2}"
EndProject
Global
	GlobalSection(SolutionConfigurationPlatforms) = preSolution
		Debug|Any CPU = Debug|Any CPU
		Release|Any CPU = Release|Any CPU
	EndGlobalSection
	GlobalSection(ProjectConfigurationPlatforms) = postSolution
		{D4682AFF-AA5F-4DD4-9B19-2B8166BC1B59}.Debug|Any CPU.ActiveCfg = Debug|Any CPU
		{D4682AFF-AA5F-4DD4-9B19-2B8166BC1B59}.Debug|Any CPU.Build.0 = Debug|Any CPU
		{D4682AFF-AA5F-4DD4-9B19-2B8166BC1B59}.Release|Any CPU.ActiveCfg = Release|Any CPU
		{D4682AFF-AA5F-4DD4-9B19-2B8166BC1B59}.Release|Any CPU.Build.0 = Release|Any CPU
		{ABD697F6-7952-4C25-B145-C1448E43CE48}.Debug|Any CPU.ActiveCfg = Debug|Any CPU
		{ABD697F6-7952-4C25-B145-C1448E43CE48}.Debug|Any CPU.Build.0 = Debug|Any CPU
		{ABD697F6-7952-4C25-B145-C1448E43CE48}.Release|Any CPU.ActiveCfg = Release|Any CPU
		{ABD697F6-7952-4C25-B145-C1448E43CE48}.Release|Any CPU.Build.0 = Release|Any CPU
		{036DDA14-8B25-4628-B490-947704A8F229}.Debug|Any CPU.ActiveCfg = Debug|Any CPU
		{036DDA14-8B25-4628-B490-947704A8F229}.Debug|Any CPU.Build.0 = Debug|Any CPU
		{036DDA14-8B25-4628-B490-947704A8F229}.Release|Any CPU.ActiveCfg = Release|Any CPU
		{036DDA14-8B25-4628-B490-947704A8F229}.Release|Any CPU.Build.0 = Release|Any CPU
		{1790A131-88C2-4226-AED8-E88FAD29D810}.Debug|Any CPU.ActiveCfg = Debug|Any CPU
		{1790A131-88C2-4226-AED8-E88FAD29D810}.Debug|Any CPU.Build.0 = Debug|Any CPU
		{1790A131-88C2-4226-AED8-E88FAD29D810}.Release|Any CPU.ActiveCfg = Release|Any CPU
		{1790A131-88C2-4226-AED8-E88FAD29D810}.Release|Any CPU.Build.0 = Release|Any CPU
		{4766FC52-CCED-492E-8A86-CAC15D19FAC2}.Debug|Any CPU.ActiveCfg = Debug|Any CPU
		{4766FC52-CCED-492E-8A86-CAC15D19FAC2}.Debug|Any CPU.Build.0 = Debug|Any CPU
		{4766FC52-CCED-492E-8A86-CAC15D19FAC2}.Release|Any CPU.ActiveCfg = Release|Any CPU
		{4766FC52-CCED-492E-8A86-CAC15D19FAC2}.Release|Any CPU.Build.0 = Release|Any CPU
	EndGlobalSection
	GlobalSection(SolutionProperties) = preSolution
		HideSolutionNode = FALSE
	EndGlobalSection
	GlobalSection(ExtensibilityGlobals) = postSolution
		SolutionGuid = {E64DDD10-A604-435F-8BF4-DCE4C6634FC8}
	EndGlobalSection
EndGlobal
